github.com/Unknwon/goconfig v1.0.0 h1:9IAu/BYbSLQi8puFjUQApZTxIHqSwrj5d8vpP8vTq4A=
github.com/Unknwon/goconfig v1.0.0/go.mod h1:wngxua9XCNjvHjDiTiV26DaKDT+0c63QR6H5hjVUUxw=
github.com/garyburd/redigo v1.6.4 h1:LFu2R3+ZOPgSMWMOL+saa/zXRjw0ID2G8FepO53BGlg=
github.com/garyburd/redigo v1.6.4/go.mod h1:rTb6epsqigu3kYKBnaF028A7Tf/Aw5s0cqA47doKKqw=
github.com/google/uuid v1.0.0 h1:b4Gk+7WdP/d3HZH8EJsZpvV7EtDOgaZLtnaNGIu1adA=
github.com/google/uuid v1.0.0/go.mod h1:TIyPZe4MgqvfeYDBFedMoGGpEw/LqOeaOT+nhxU+yHo=
github.com/gopherjs/gopherjs v1.17.2 h1:fQnZVsXk8uxXIStYb0N4bGk7jeyTalG/wsZjQ25dO0g=
github.com/gopherjs/gopherjs v1.17.2/go.mod h1:pRRIvn/QzFLrKfvEz3qUuEhtE/zLCWfreZ6J5gM2i+k=
github.com/jtolds/gls v4.20.0+incompatible h1:xdiiI2gbIgH/gLH7ADydsJ1uDOEzR8yvV7C0MuV77Wo=
github.com/jtolds/gls v4.20.0+incompatible/go.mod h1:QJZ7F/aHp+rZTRtaJ1ow/lLfFfVYBRgL+9YlvaHOwJU=
github.com/kardianos/service v1.2.2 h1:ZvePhAHfvo0A7Mftk/tEzqEZ7Q4lgnR8sGz4xu1YX60=
github.com/kardianos/service v1.2.2/go.mod h1:CIMRFEJVL+0DS1a3Nx06NaMn4Dz63Ng6O7dl0qH0zVM=
github.com/pborman/uuid v1.2.1 h1:+ZZIw58t/ozdjRaXh/3awHfmWRbzYxJoAdNJxe/3pvw=
github.com/pborman/uuid v1.2.1/go.mod h1:X/NO0urCmaxf9VXbdlT7C2Yzkj2IKimNn4k+gtPdI/k=
github.com/smarty/assertions v1.15.0 h1:cR//PqUBUiQRakZWqBiFFQ9wb8emQGDb0HeGdqGByCY=
github.com/smarty/assertions v1.15.0/go.mod h1:yABtdzeQs6l1brC900WlRNwj6ZR55d7B+E8C6HtKdec=
github.com/smartystreets/goconvey v1.8.1 h1:qGjIddxOk4grTu9JPOU31tVfq3cNdBlNa5sSznIX1xY=
github.com/smartystreets/goconvey v1.8.1/go.mod h1:+/u4qLyY6x1jReYOp7GOM2FSt8aP9CzCZL03bI28W60=
golang.org/x/sys v0.0.0-20201015000850-e3ed0017c211/go.mod h1:h1NjWce9XRLGQEsW7wpKNCjG9DtNlClVuFLEZdDNbEs=
golang.org/x/sys v0.6.0 h1:MVltZSvRTcU2ljQOhs94SXPftV6DCNnZViHeQps87pQ=
golang.org/x/sys v0.6.0/go.mod h1:oPkhp1MJrh7nUepCBck5+mAzfO9JrbApNNgaTdGDITg=
